
Microsoft Visual Studio Solution File, Format Version 12.00
# Visual Studio 15
Project("{FAE04EC0-301F-11D3-BF4B-00C04F79EFBC}") = "UnityEngine.UI", "UnityEngine.UI.csproj", "{7BD412C0-D303-7526-BA4C-D151B9720B94}"
EndProject
Project("{FAE04EC0-301F-11D3-BF4B-00C04F79EFBC}") = "Assembly-CSharp", "Assembly-CSharp.csproj", "{CE488D93-727F-01BE-BC7C-FC85FAEF105A}"
EndProject
Project("{FAE04EC0-301F-11D3-BF4B-00C04F79EFBC}") = "Unity.2D.Tilemap.Editor", "Unity.2D.Tilemap.Editor.csproj", "{0D1D35F3-8C0B-9116-B1B2-32E3E6379467}"
EndProject
Project("{FAE04EC0-301F-11D3-BF4B-00C04F79EFBC}") = "Unity.2D.Sprite.Editor", "Unity.2D.Sprite.Editor.csproj", "{2D7D992A-758B-0116-2F71-71AAA645673C}"
EndProject
Project("{FAE04EC0-301F-11D3-BF4B-00C04F79EFBC}") = "UnityEditor.UI", "UnityEditor.UI.csproj", "{66936389-C3E6-8027-521F-B8A95CFBDE34}"
EndProject
Project("{FAE04EC0-301F-11D3-BF4B-00C04F79EFBC}") = "UnityEngine.UI", "UnityEngine.UI.Player.csproj", "{7FE15FEF-77AF-CD21-FE41-3A20566E8754}"
EndProject
Project("{FAE04EC0-301F-11D3-BF4B-00C04F79EFBC}") = "Assembly-CSharp", "Assembly-CSharp.Player.csproj", "{50ECD2D7-FB4C-942A-8F14-3622A18E169F}"
EndProject
Global
	GlobalSection(SolutionConfigurationPlatforms) = preSolution
		Debug|Any CPU = Debug|Any CPU
		Release|Any CPU = Release|Any CPU
	EndGlobalSection
	GlobalSection(ProjectConfigurationPlatforms) = postSolution
		{7BD412C0-D303-7526-BA4C-D151B9720B94}.Debug|Any CPU.ActiveCfg = Debug|Any CPU
		{7BD412C0-D303-7526-BA4C-D151B9720B94}.Debug|Any CPU.Build.0 = Debug|Any CPU
		{7BD412C0-D303-7526-BA4C-D151B9720B94}.Release|Any CPU.ActiveCfg = Release|Any CPU
		{7BD412C0-D303-7526-BA4C-D151B9720B94}.Release|Any CPU.Build.0 = Release|Any CPU
		{CE488D93-727F-01BE-BC7C-FC85FAEF105A}.Debug|Any CPU.ActiveCfg = Debug|Any CPU
		{CE488D93-727F-01BE-BC7C-FC85FAEF105A}.Debug|Any CPU.Build.0 = Debug|Any CPU
		{CE488D93-727F-01BE-BC7C-FC85FAEF105A}.Release|Any CPU.ActiveCfg = Release|Any CPU
		{CE488D93-727F-01BE-BC7C-FC85FAEF105A}.Release|Any CPU.Build.0 = Release|Any CPU
		{0D1D35F3-8C0B-9116-B1B2-32E3E6379467}.Debug|Any CPU.ActiveCfg = Debug|Any CPU
		{0D1D35F3-8C0B-9116-B1B2-32E3E6379467}.Debug|Any CPU.Build.0 = Debug|Any CPU
		{0D1D35F3-8C0B-9116-B1B2-32E3E6379467}.Release|Any CPU.ActiveCfg = Release|Any CPU
		{0D1D35F3-8C0B-9116-B1B2-32E3E6379467}.Release|Any CPU.Build.0 = Release|Any CPU
		{2D7D992A-758B-0116-2F71-71AAA645673C}.Debug|Any CPU.ActiveCfg = Debug|Any CPU
		{2D7D992A-758B-0116-2F71-71AAA645673C}.Debug|Any CPU.Build.0 = Debug|Any CPU
		{2D7D992A-758B-0116-2F71-71AAA645673C}.Release|Any CPU.ActiveCfg = Release|Any CPU
		{2D7D992A-758B-0116-2F71-71AAA645673C}.Release|Any CPU.Build.0 = Release|Any CPU
		{66936389-C3E6-8027-521F-B8A95CFBDE34}.Debug|Any CPU.ActiveCfg = Debug|Any CPU
		{66936389-C3E6-8027-521F-B8A95CFBDE34}.Debug|Any CPU.Build.0 = Debug|Any CPU
		{66936389-C3E6-8027-521F-B8A95CFBDE34}.Release|Any CPU.ActiveCfg = Release|Any CPU
		{66936389-C3E6-8027-521F-B8A95CFBDE34}.Release|Any CPU.Build.0 = Release|Any CPU
		{7FE15FEF-77AF-CD21-FE41-3A20566E8754}.Debug|Any CPU.ActiveCfg = Debug|Any CPU
		{7FE15FEF-77AF-CD21-FE41-3A20566E8754}.Debug|Any CPU.Build.0 = Debug|Any CPU
		{7FE15FEF-77AF-CD21-FE41-3A20566E8754}.Release|Any CPU.ActiveCfg = Release|Any CPU
		{7FE15FEF-77AF-CD21-FE41-3A20566E8754}.Release|Any CPU.Build.0 = Release|Any CPU
		{50ECD2D7-FB4C-942A-8F14-3622A18E169F}.Debug|Any CPU.ActiveCfg = Debug|Any CPU
		{50ECD2D7-FB4C-942A-8F14-3622A18E169F}.Debug|Any CPU.Build.0 = Debug|Any CPU
		{50ECD2D7-FB4C-942A-8F14-3622A18E169F}.Release|Any CPU.ActiveCfg = Release|Any CPU
		{50ECD2D7-FB4C-942A-8F14-3622A18E169F}.Release|Any CPU.Build.0 = Release|Any CPU
	EndGlobalSection
	GlobalSection(SolutionProperties) = preSolution
		HideSolutionNode = FALSE
	EndGlobalSection
EndGlobal
